Microsoft Visual Studio Solution File, Format Version 12.00
# Visual Studio Version 17
VisualStudioVersion = 17.5.2.0
MinimumVisualStudioVersion = 10.0.40219.1
Project("{2150E333-8FDC-42A3-9474-1A3956D46DE8}") = "home", "home", "{EBEFDB8B-24C9-1DAF-DE22-BED4049D1AC8}"
EndProject
Project("{FAE04EC0-301F-11D3-BF4B-00C04F79EFBC}") = "Appi2", "home\Appi2\Appi2.csproj", "{2B11393D-2840-EC5A-6BAC-67AA365EE973}"
EndProject
Global
	GlobalSection(SolutionConfigurationPlatforms) = preSolution
		Debug|Any CPU = Debug|Any CPU
		Release|Any CPU = Release|Any CPU
	EndGlobalSection
	GlobalSection(ProjectConfigurationPlatforms) = postSolution
		{2B11393D-2840-EC5A-6BAC-67AA365EE973}.Debug|Any CPU.ActiveCfg = Debug|Any CPU
		{2B11393D-2840-EC5A-6BAC-67AA365EE973}.Debug|Any CPU.Build.0 = Debug|Any CPU
		{2B11393D-2840-EC5A-6BAC-67AA365EE973}.Release|Any CPU.ActiveCfg = Release|Any CPU
		{2B11393D-2840-EC5A-6BAC-67AA365EE973}.Release|Any CPU.Build.0 = Release|Any CPU
	EndGlobalSection
	GlobalSection(SolutionProperties) = preSolution
		HideSolutionNode = FALSE
	EndGlobalSection
	GlobalSection(NestedProjects) = preSolution
		{2B11393D-2840-EC5A-6BAC-67AA365EE973} = {EBEFDB8B-24C9-1DAF-DE22-BED4049D1AC8}
	EndGlobalSection
	GlobalSection(ExtensibilityGlobals) = postSolution
		SolutionGuid = {1EC2E90C-788D-435B-8D8C-F2457160961E}
	EndGlobalSection
EndGlobal
